
Microsoft Visual Studio Solution File, Format Version 12.00
# Visual Studio Version 17
VisualStudioVersion = 17.8.34525.116
MinimumVisualStudioVersion = 10.0.40219.1
Project("{FAE04EC0-301F-11D3-BF4B-00C04F79EFBC}") = "ThirtyTwo.Kernel32", "ThirtyTwo.Kernel32.csproj", "{D7BA9BD7-2EDF-4E74-BD15-B32C8D432AFB}"
EndProject
Global
	GlobalSection(SolutionConfigurationPlatforms) = preSolution
		Debug|Any CPU = Debug|Any CPU
		Release|Any CPU = Release|Any CPU
	EndGlobalSection
	GlobalSection(ProjectConfigurationPlatforms) = postSolution
		{D7BA9BD7-2EDF-4E74-BD15-B32C8D432AFB}.Debug|Any CPU.ActiveCfg = Debug|Any CPU
		{D7BA9BD7-2EDF-4E74-BD15-B32C8D432AFB}.Debug|Any CPU.Build.0 = Debug|Any CPU
		{D7BA9BD7-2EDF-4E74-BD15-B32C8D432AFB}.Release|Any CPU.ActiveCfg = Release|Any CPU
		{D7BA9BD7-2EDF-4E74-BD15-B32C8D432AFB}.Release|Any CPU.Build.0 = Release|Any CPU
	EndGlobalSection
	GlobalSection(SolutionProperties) = preSolution
		HideSolutionNode = FALSE
	EndGlobalSection
	GlobalSection(ExtensibilityGlobals) = postSolution
		SolutionGuid = {72CC9E43-B909-49FB-8DC7-B4BDBB1A6975}
	EndGlobalSection
EndGlobal
